<?xml version="1.0" encoding="utf-8"?>
<Project ToolsVersion="4.0" xmlns="http://schemas.microsoft.com/developer/msbuild/2003">
  <ItemGroup>
    <Filter Include="소스 파일">
      <UniqueIdentifier>{4FC737F1-C7A5-4376-A066-2A32D752A2FF}</UniqueIdentifier>
      <Extensions>cpp;c;cc;cxx;def;odl;idl;hpj;bat;asm;asmx</Extensions>
    </Filter>
    <Filter Include="헤더 파일">
      <UniqueIdentifier>{93995380-89BD-4b04-88EB-625FBE52EBFB}</UniqueIdentifier>
      <Extensions>h;hh;hpp;hxx;hm;inl;inc;ipp;xsd</Extensions>
    </Filter>
    <Filter Include="리소스 파일">
      <UniqueIdentifier>{67DA6AB6-F800-4c08-8B7A-83BB121AAD01}</UniqueIdentifier>
      <Extensions>rc;ico;cur;bmp;dlg;rc2;rct;bin;rgs;gif;jpg;jpeg;jpe;resx;tiff;tif;png;wav;mfcribbon-ms</Extensions>
    </Filter>
    <Filter Include="소스 파일\00.Define">
      <UniqueIdentifier>{8bd11d6e-9892-4ae6-b28d-a9748b0a474a}</UniqueIdentifier>
    </Filter>
    <Filter Include="소스 파일\01.GameStart">
      <UniqueIdentifier>{09a1b0f2-91b5-40c0-93f8-1d85fed1ce92}</UniqueIdentifier>
    </Filter>
    <Filter Include="소스 파일\02.MainSystem">
      <UniqueIdentifier>{f5177e73-bc36-48b9-8c66-390cf1fe836d}</UniqueIdentifier>
    </Filter>
    <Filter Include="소스 파일\04.Systems">
      <UniqueIdentifier>{a5d18a62-804d-4cfd-ac99-6a1328d6df7d}</UniqueIdentifier>
    </Filter>
    <Filter Include="소스 파일\05.Utilty">
      <UniqueIdentifier>{2eb8cff7-de27-44be-bc77-b0f15b53265d}</UniqueIdentifier>
    </Filter>
    <Filter Include="소스 파일\05.Utilty\00.SoundSystem">
      <UniqueIdentifier>{8d62a659-71b6-4e1d-b513-ed3ec083c1ff}</UniqueIdentifier>
    </Filter>
    <Filter Include="소스 파일\05.Utilty\01.InputSystem">
      <UniqueIdentifier>{7aa46ce2-24a6-4d4d-8e0e-c514eb67a61f}</UniqueIdentifier>
    </Filter>
    <Filter Include="소스 파일\05.Utilty\02.ResourceManager">
      <UniqueIdentifier>{42a1259d-cf83-4174-87f0-c63cbab4f514}</UniqueIdentifier>
    </Filter>
    <Filter Include="소스 파일\03.DirectX11Class">
      <UniqueIdentifier>{df43df1e-65e9-4b4c-a778-9495e6b47c93}</UniqueIdentifier>
    </Filter>
    <Filter Include="소스 파일\03.DirectX11Class\00.D3DClass">
      <UniqueIdentifier>{a8798f23-6895-498e-b701-9e23445c3d5a}</UniqueIdentifier>
    </Filter>
    <Filter Include="소스 파일\03.DirectX11Class\01.Camera">
      <UniqueIdentifier>{72bb9f00-d9be-4f8b-9f63-6f4de213df34}</UniqueIdentifier>
    </Filter>
    <Filter Include="소스 파일\03.DirectX11Class\02.Bitmap">
      <UniqueIdentifier>{670c2057-7117-4985-99ac-2f4d6011bca0}</UniqueIdentifier>
    </Filter>
    <Filter Include="소스 파일\03.DirectX11Class\02.Bitmap\00.Texture">
      <UniqueIdentifier>{ec537c87-d324-4ee1-946f-f74d4e07d89e}</UniqueIdentifier>
    </Filter>
    <Filter Include="소스 파일\04.Systems\00.Frame">
      <UniqueIdentifier>{100bd464-fcb1-48e6-9c6d-9ea347b3244c}</UniqueIdentifier>
    </Filter>
    <Filter Include="소스 파일\03.DirectX11Class\02.Bitmap\01.TextureLoader">
      <UniqueIdentifier>{3dcefaf4-ce1c-40b8-accf-537deada70d3}</UniqueIdentifier>
    </Filter>
    <Filter Include="헤더 파일\xmlParser">
      <UniqueIdentifier>{cc85a549-a384-4aed-937c-b73de85c7b02}</UniqueIdentifier>
    </Filter>
    <Filter Include="헤더 파일\happyhttp">
      <UniqueIdentifier>{1014d3d4-f198-438b-96d9-392c0205b863}</UniqueIdentifier>
    </Filter>
    <Filter Include="소스 파일\04.Systems\02.TitleSystem">
      <UniqueIdentifier>{8eef789f-4132-4cab-808e-0bfdb18b91a6}</UniqueIdentifier>
    </Filter>
    <Filter Include="소스 파일\04.Systems\02.TitleSystem\00.TitleCursor">
      <UniqueIdentifier>{cd33510c-b18d-4bce-a11b-67ce39a471b3}</UniqueIdentifier>
    </Filter>
    <Filter Include="소스 파일\04.Systems\03.MakerSystem">
      <UniqueIdentifier>{727c7474-585c-467d-b6b7-e31b8c788552}</UniqueIdentifier>
    </Filter>
    <Filter Include="소스 파일\04.Systems\04.SinglePlaySystem">
      <UniqueIdentifier>{575529d5-7e5e-4a73-a5ff-234a053ff330}</UniqueIdentifier>
    </Filter>
    <Filter Include="소스 파일\04.Systems\01.LoginSystem">
      <UniqueIdentifier>{1d3d6122-dd39-42db-bf65-0c48533f7a7d}</UniqueIdentifier>
    </Filter>
    <Filter Include="소스 파일\04.Systems\01.LoginSystem\00.LoginCursor">
      <UniqueIdentifier>{b27930f4-cc45-4ea4-8b84-d45a7d822643}</UniqueIdentifier>
    </Filter>
    <Filter Include="소스 파일\05.Utilty\04.HttpSystem">
      <UniqueIdentifier>{6c08ba47-2050-4dd9-887f-6323b0c07209}</UniqueIdentifier>
    </Filter>
    <Filter Include="소스 파일\05.Utilty\03.TextManager">
      <UniqueIdentifier>{91491900-1c4c-47ec-a92e-3bd388465e6c}</UniqueIdentifier>
    </Filter>
    <Filter Include="소스 파일\03.DirectX11Class\04.Shader">
      <UniqueIdentifier>{be642434-baf5-4f24-aebc-6cc653d5335f}</UniqueIdentifier>
    </Filter>
    <Filter Include="소스 파일\03.DirectX11Class\04.Shader\00.Texture">
      <UniqueIdentifier>{2713d8cd-b0ce-48ff-93cb-9e79cc66245e}</UniqueIdentifier>
    </Filter>
    <Filter Include="소스 파일\03.DirectX11Class\04.Shader\01.Transparent">
      <UniqueIdentifier>{f10c6245-c708-4bad-97fe-a0ea28b47977}</UniqueIdentifier>
    </Filter>
    <Filter Include="소스 파일\03.DirectX11Class\03.Text">
      <UniqueIdentifier>{cdfcf342-e1ca-48d3-b24a-c13107c76a55}</UniqueIdentifier>
    </Filter>
    <Filter Include="소스 파일\03.DirectX11Class\04.Shader\02.Font">
      <UniqueIdentifier>{cd557293-6f26-4b1f-b185-2c868bcae591}</UniqueIdentifier>
    </Filter>
    <Filter Include="소스 파일\03.DirectX11Class\03.Text\00.Font">
      <UniqueIdentifier>{8281f3e6-2682-4be0-933b-ee4308651f65}</UniqueIdentifier>
    </Filter>
    <Filter Include="소스 파일\04.Systems\01.LoginSystem\01.NIcknameTextBox">
      <UniqueIdentifier>{773965f1-2de5-4b90-91b3-6fc62d69fa0d}</UniqueIdentifier>
    </Filter>
    <Filter Include="소스 파일\04.Systems\03.MakerSystem\00.MakerCursor">
      <UniqueIdentifier>{7c2a5013-0b3c-47f2-87c6-52e1a22c7a1b}</UniqueIdentifier>
    </Filter>
    <Filter Include="소스 파일\04.Systems\03.MakerSystem\01.MakerMap">
      <UniqueIdentifier>{42be48dc-bc62-4a57-9aab-94491fa3a71f}</UniqueIdentifier>
    </Filter>
    <Filter Include="소스 파일\04.Systems\06.UploadSystem">
      <UniqueIdentifier>{623b1552-906d-47be-bd45-198625ef86c8}</UniqueIdentifier>
    </Filter>
    <Filter Include="소스 파일\04.Systems\07.DownloadSystem">
      <UniqueIdentifier>{7d48817f-3f1c-4444-a515-868314fd64fc}</UniqueIdentifier>
    </Filter>
    <Filter Include="소스 파일\04.Systems\06.UploadSystem\00.UploadCursor">
      <UniqueIdentifier>{667f2155-59e4-4fd7-8ea8-27732deeb5bf}</UniqueIdentifier>
    </Filter>
    <Filter Include="소스 파일\04.Systems\07.DownloadSystem\00.DownloadCursor">
      <UniqueIdentifier>{d70d249d-3acc-4b1a-a7b0-f89dce7fb938}</UniqueIdentifier>
    </Filter>
    <Filter Include="소스 파일\04.Systems\05.MultiPlay">
      <UniqueIdentifier>{86b32cc8-4a56-45d0-ac31-48f615ed24e7}</UniqueIdentifier>
    </Filter>
    <Filter Include="소스 파일\05.Utilty\05.SocketManager">
      <UniqueIdentifier>{24f87e94-f2a2-4a70-8a22-90f04bd90ee6}</UniqueIdentifier>
    </Filter>
    <Filter Include="소스 파일\05.Utilty\06.PacketManager">
      <UniqueIdentifier>{6451f2fd-ce7e-40d1-a59b-1add14c0cc70}</UniqueIdentifier>
    </Filter>
    <Filter Include="소스 파일\04.Systems\05.MultiPlay\01.LobbySystem">
      <UniqueIdentifier>{e9be0456-6120-4eed-9da8-68950b9380d6}</UniqueIdentifier>
    </Filter>
    <Filter Include="소스 파일\04.Systems\05.MultiPlay\01.LobbySystem\00.LobbyCursor">
      <UniqueIdentifier>{9cf85d61-e8f1-4240-a796-1ae3b3ae1839}</UniqueIdentifier>
    </Filter>
    <Filter Include="소스 파일\04.Systems\05.MultiPlay\00.MultiPlayLoginSystem">
      <UniqueIdentifier>{b00c8f06-524e-4cd3-8404-f847a2a59435}</UniqueIdentifier>
    </Filter>
    <Filter Include="소스 파일\04.Systems\05.MultiPlay\02.RoomSystem">
      <UniqueIdentifier>{bd2a6247-22b3-4c0c-b12a-58526f16cfcb}</UniqueIdentifier>
    </Filter>
    <Filter Include="소스 파일\04.Systems\05.MultiPlay\03.TeamPlaySystem">
      <UniqueIdentifier>{c3b81781-a77e-4a87-83c7-6231e01606d9}</UniqueIdentifier>
    </Filter>
    <Filter Include="소스 파일\04.Systems\05.MultiPlay\01.LobbySystem\01.SelectMapCursor">
      <UniqueIdentifier>{d527593b-a2c2-46da-9176-68ca0232d5be}</UniqueIdentifier>
    </Filter>
    <Filter Include="소스 파일\04.Systems\05.MultiPlay\02.RoomSystem\00.RoomCursor">
      <UniqueIdentifier>{63a2a262-2ada-447e-843a-ab1621993ad2}</UniqueIdentifier>
    </Filter>
  </ItemGroup>
  <ItemGroup>
    <ClInclude Include="targetver.h">
      <Filter>헤더 파일</Filter>
    </ClInclude>
    <ClInclude Include="Resource.h">
      <Filter>헤더 파일</Filter>
    </ClInclude>
    <ClInclude Include="Define.h">
      <Filter>소스 파일\00.Define</Filter>
    </ClInclude>
    <ClInclude Include="DefineFunction.h">
      <Filter>소스 파일\00.Define</Filter>
    </ClInclude>
    <ClInclude Include="MainSystem.h">
      <Filter>소스 파일\02.MainSystem</Filter>
    </ClInclude>
    <ClInclude Include="AlignedAllocationPolicy.h">
      <Filter>소스 파일\03.DirectX11Class</Filter>
    </ClInclude>
    <ClInclude Include="GraphicsClass.h">
      <Filter>소스 파일\03.DirectX11Class</Filter>
    </ClInclude>
    <ClInclude Include="InputSystem.h">
      <Filter>소스 파일\05.Utilty\01.InputSystem</Filter>
    </ClInclude>
    <ClInclude Include="stdafx.h">
      <Filter>헤더 파일</Filter>
    </ClInclude>
    <ClInclude Include="DefineEnum.h">
      <Filter>소스 파일\00.Define</Filter>
    </ClInclude>
    <ClInclude Include="ResourceManager.h">
      <Filter>소스 파일\05.Utilty\02.ResourceManager</Filter>
    </ClInclude>
    <ClInclude Include="D3DClass.h">
      <Filter>소스 파일\03.DirectX11Class\00.D3DClass</Filter>
    </ClInclude>
    <ClInclude Include="CameraClass.h">
      <Filter>소스 파일\03.DirectX11Class\01.Camera</Filter>
    </ClInclude>
    <ClInclude Include="BitmapClass.h">
      <Filter>소스 파일\03.DirectX11Class\02.Bitmap</Filter>
    </ClInclude>
    <ClInclude Include="TransparentShaderClass.h">
      <Filter>소스 파일\03.DirectX11Class\04.Shader\01.Transparent</Filter>
    </ClInclude>
    <ClInclude Include="TextureShaderClass.h">
      <Filter>소스 파일\03.DirectX11Class\04.Shader\00.Texture</Filter>
    </ClInclude>
    <ClInclude Include="TextureClass.h">
      <Filter>소스 파일\03.DirectX11Class\02.Bitmap\00.Texture</Filter>
    </ClInclude>
    <ClInclude Include="SystemFrame.h">
      <Filter>소스 파일\04.Systems\00.Frame</Filter>
    </ClInclude>
    <ClInclude Include="TitleSystem.h">
      <Filter>소스 파일\04.Systems\02.TitleSystem</Filter>
    </ClInclude>
    <ClInclude Include="WICTextureLoader.h">
      <Filter>소스 파일\03.DirectX11Class\02.Bitmap\01.TextureLoader</Filter>
    </ClInclude>
    <ClInclude Include="tinystr.h">
      <Filter>헤더 파일\xmlParser</Filter>
    </ClInclude>
    <ClInclude Include="tinyxml.h">
      <Filter>헤더 파일\xmlParser</Filter>
    </ClInclude>
    <ClInclude Include="TitleCursor.h">
      <Filter>소스 파일\04.Systems\02.TitleSystem\00.TitleCursor</Filter>
    </ClInclude>
    <ClInclude Include="SinglePlaySystem.h">
      <Filter>소스 파일\04.Systems\04.SinglePlaySystem</Filter>
    </ClInclude>
    <ClInclude Include="happyhttp.h">
      <Filter>헤더 파일\happyhttp</Filter>
    </ClInclude>
    <ClInclude Include="LoginSystem.h">
      <Filter>소스 파일\04.Systems\01.LoginSystem</Filter>
    </ClInclude>
    <ClInclude Include="LoginCursor.h">
      <Filter>소스 파일\04.Systems\01.LoginSystem\00.LoginCursor</Filter>
    </ClInclude>
    <ClInclude Include="TextManager.h">
      <Filter>소스 파일\05.Utilty\03.TextManager</Filter>
    </ClInclude>
    <ClInclude Include="HttpSystem.h">
      <Filter>소스 파일\05.Utilty\04.HttpSystem</Filter>
    </ClInclude>
    <ClInclude Include="FontShaderClass.h">
      <Filter>소스 파일\03.DirectX11Class\04.Shader\02.Font</Filter>
    </ClInclude>
    <ClInclude Include="FontClass.h">
      <Filter>소스 파일\03.DirectX11Class\03.Text\00.Font</Filter>
    </ClInclude>
    <ClInclude Include="TextClass.h">
      <Filter>소스 파일\03.DirectX11Class\03.Text</Filter>
    </ClInclude>
    <ClInclude Include="NicknameTextBox.h">
      <Filter>소스 파일\04.Systems\01.LoginSystem\01.NIcknameTextBox</Filter>
    </ClInclude>
    <ClInclude Include="MakerSystem.h">
      <Filter>소스 파일\04.Systems\03.MakerSystem</Filter>
    </ClInclude>
    <ClInclude Include="MakerCursor.h">
      <Filter>소스 파일\04.Systems\03.MakerSystem\00.MakerCursor</Filter>
    </ClInclude>
    <ClInclude Include="MakerMap.h">
      <Filter>소스 파일\04.Systems\03.MakerSystem\01.MakerMap</Filter>
    </ClInclude>
    <ClInclude Include="UploadSystem.h">
      <Filter>소스 파일\04.Systems\06.UploadSystem</Filter>
    </ClInclude>
    <ClInclude Include="UploadCursor.h">
      <Filter>소스 파일\04.Systems\06.UploadSystem\00.UploadCursor</Filter>
    </ClInclude>
    <ClInclude Include="DownloadSystem.h">
      <Filter>소스 파일\04.Systems\07.DownloadSystem</Filter>
    </ClInclude>
    <ClInclude Include="DownloadCursor.h">
      <Filter>소스 파일\04.Systems\07.DownloadSystem\00.DownloadCursor</Filter>
    </ClInclude>
    <ClInclude Include="LobbySystem.h">
      <Filter>소스 파일\04.Systems\05.MultiPlay\01.LobbySystem</Filter>
    </ClInclude>
    <ClInclude Include="SocketManager.h">
      <Filter>소스 파일\05.Utilty\05.SocketManager</Filter>
    </ClInclude>
    <ClInclude Include="SuperMarioMaker.h">
      <Filter>헤더 파일</Filter>
    </ClInclude>
    <ClInclude Include="PacketManager.h">
      <Filter>소스 파일\05.Utilty\06.PacketManager</Filter>
    </ClInclude>
    <ClInclude Include="LobbyCursor.h">
      <Filter>소스 파일\04.Systems\05.MultiPlay\01.LobbySystem\00.LobbyCursor</Filter>
    </ClInclude>
    <ClInclude Include="MultiPlayLoginSystem.h">
      <Filter>소스 파일\04.Systems\05.MultiPlay\00.MultiPlayLoginSystem</Filter>
    </ClInclude>
    <ClInclude Include="SelectMapCursor.h">
      <Filter>소스 파일\04.Systems\05.MultiPlay\01.LobbySystem\01.SelectMapCursor</Filter>
    </ClInclude>
    <ClInclude Include="RoomSystem.h">
      <Filter>소스 파일\04.Systems\05.MultiPlay\02.RoomSystem</Filter>
    </ClInclude>
    <ClInclude Include="RoomCursor.h">
      <Filter>소스 파일\04.Systems\05.MultiPlay\02.RoomSystem\00.RoomCursor</Filter>
    </ClInclude>
  </ItemGroup>
  <ItemGroup>
    <ClCompile Include="MainSystem.cpp">
      <Filter>소스 파일\02.MainSystem</Filter>
    </ClCompile>
    <ClCompile Include="GraphicsClass.cpp">
      <Filter>소스 파일\03.DirectX11Class</Filter>
    </ClCompile>
    <ClCompile Include="InputSystem.cpp">
      <Filter>소스 파일\05.Utilty\01.InputSystem</Filter>
    </ClCompile>
    <ClCompile Include="stdafx.cpp">
      <Filter>헤더 파일</Filter>
    </ClCompile>
    <ClCompile Include="SuperMarioMaker.cpp">
      <Filter>소스 파일\01.GameStart</Filter>
    </ClCompile>
    <ClCompile Include="ResourceManager.cpp">
      <Filter>소스 파일\05.Utilty\02.ResourceManager</Filter>
    </ClCompile>
    <ClCompile Include="D3DClass.cpp">
      <Filter>소스 파일\03.DirectX11Class\00.D3DClass</Filter>
    </ClCompile>
    <ClCompile Include="CameraClass.cpp">
      <Filter>소스 파일\03.DirectX11Class\01.Camera</Filter>
    </ClCompile>
    <ClCompile Include="BitmapClass.cpp">
      <Filter>소스 파일\03.DirectX11Class\02.Bitmap</Filter>
    </ClCompile>
    <ClCompile Include="TransparentShaderClass.cpp">
      <Filter>소스 파일\03.DirectX11Class\04.Shader\01.Transparent</Filter>
    </ClCompile>
    <ClCompile Include="TextureShaderClass.cpp">
      <Filter>소스 파일\03.DirectX11Class\04.Shader\00.Texture</Filter>
    </ClCompile>
    <ClCompile Include="TextureClass.cpp">
      <Filter>소스 파일\03.DirectX11Class\02.Bitmap\00.Texture</Filter>
    </ClCompile>
    <ClCompile Include="SystemFrame.cpp">
      <Filter>소스 파일\04.Systems\00.Frame</Filter>
    </ClCompile>
    <ClCompile Include="TitleSystem.cpp">
      <Filter>소스 파일\04.Systems\02.TitleSystem</Filter>
    </ClCompile>
    <ClCompile Include="WICTextureLoader.cpp">
      <Filter>소스 파일\03.DirectX11Class\02.Bitmap\01.TextureLoader</Filter>
    </ClCompile>
    <ClCompile Include="tinystr.cpp">
      <Filter>헤더 파일\xmlParser</Filter>
    </ClCompile>
    <ClCompile Include="tinyxml.cpp">
      <Filter>헤더 파일\xmlParser</Filter>
    </ClCompile>
    <ClCompile Include="tinyxmlerror.cpp">
      <Filter>헤더 파일\xmlParser</Filter>
    </ClCompile>
    <ClCompile Include="tinyxmlparser.cpp">
      <Filter>헤더 파일\xmlParser</Filter>
    </ClCompile>
    <ClCompile Include="TitleCursor.cpp">
      <Filter>소스 파일\04.Systems\02.TitleSystem\00.TitleCursor</Filter>
    </ClCompile>
    <ClCompile Include="SinglePlaySystem.cpp">
      <Filter>소스 파일\04.Systems\04.SinglePlaySystem</Filter>
    </ClCompile>
    <ClCompile Include="happyhttp.cpp">
      <Filter>헤더 파일\happyhttp</Filter>
    </ClCompile>
    <ClCompile Include="LoginSystem.cpp">
      <Filter>소스 파일\04.Systems\01.LoginSystem</Filter>
    </ClCompile>
    <ClCompile Include="LoginCursor.cpp">
      <Filter>소스 파일\04.Systems\01.LoginSystem\00.LoginCursor</Filter>
    </ClCompile>
    <ClCompile Include="TextManager.cpp">
      <Filter>소스 파일\05.Utilty\03.TextManager</Filter>
    </ClCompile>
    <ClCompile Include="HttpSystem.cpp">
      <Filter>소스 파일\05.Utilty\04.HttpSystem</Filter>
    </ClCompile>
    <ClCompile Include="FontShaderClass.cpp">
      <Filter>소스 파일\03.DirectX11Class\04.Shader\02.Font</Filter>
    </ClCompile>
    <ClCompile Include="FontClass.cpp">
      <Filter>소스 파일\03.DirectX11Class\03.Text\00.Font</Filter>
    </ClCompile>
    <ClCompile Include="TextClass.cpp">
      <Filter>소스 파일\03.DirectX11Class\03.Text</Filter>
    </ClCompile>
    <ClCompile Include="NicknameTextBox.cpp">
      <Filter>소스 파일\04.Systems\01.LoginSystem\01.NIcknameTextBox</Filter>
    </ClCompile>
    <ClCompile Include="MakerSystem.cpp">
      <Filter>소스 파일\04.Systems\03.MakerSystem</Filter>
    </ClCompile>
    <ClCompile Include="MakerCursor.cpp">
      <Filter>소스 파일\04.Systems\03.MakerSystem\00.MakerCursor</Filter>
    </ClCompile>
    <ClCompile Include="MakerMap.cpp">
      <Filter>소스 파일\04.Systems\03.MakerSystem\01.MakerMap</Filter>
    </ClCompile>
    <ClCompile Include="UploadSystem.cpp">
      <Filter>소스 파일\04.Systems\06.UploadSystem</Filter>
    </ClCompile>
    <ClCompile Include="UploadCursor.cpp">
      <Filter>소스 파일\04.Systems\06.UploadSystem\00.UploadCursor</Filter>
    </ClCompile>
    <ClCompile Include="DownloadSystem.cpp">
      <Filter>소스 파일\04.Systems\07.DownloadSystem</Filter>
    </ClCompile>
    <ClCompile Include="DownloadCursor.cpp">
      <Filter>소스 파일\04.Systems\07.DownloadSystem\00.DownloadCursor</Filter>
    </ClCompile>
    <ClCompile Include="LobbySystem.cpp">
      <Filter>소스 파일\04.Systems\05.MultiPlay\01.LobbySystem</Filter>
    </ClCompile>
    <ClCompile Include="SocketManager.cpp">
      <Filter>소스 파일\05.Utilty\05.SocketManager</Filter>
    </ClCompile>
    <ClCompile Include="PacketManager.cpp">
      <Filter>소스 파일\05.Utilty\06.PacketManager</Filter>
    </ClCompile>
    <ClCompile Include="LobbyCursor.cpp">
      <Filter>소스 파일\04.Systems\05.MultiPlay\01.LobbySystem\00.LobbyCursor</Filter>
    </ClCompile>
    <ClCompile Include="MultiPlayLoginSystem.cpp">
      <Filter>소스 파일\04.Systems\05.MultiPlay\00.MultiPlayLoginSystem</Filter>
    </ClCompile>
    <ClCompile Include="SelectMapCursor.cpp">
      <Filter>소스 파일\04.Systems\05.MultiPlay\01.LobbySystem\01.SelectMapCursor</Filter>
    </ClCompile>
    <ClCompile Include="RoomSystem.cpp">
      <Filter>소스 파일\04.Systems\05.MultiPlay\02.RoomSystem</Filter>
    </ClCompile>
    <ClCompile Include="RoomCursor.cpp">
      <Filter>소스 파일\04.Systems\05.MultiPlay\02.RoomSystem\00.RoomCursor</Filter>
    </ClCompile>
  </ItemGroup>
  <ItemGroup>
    <ResourceCompile Include="SuperMarioMaker.rc">
      <Filter>리소스 파일</Filter>
    </ResourceCompile>
  </ItemGroup>
  <ItemGroup>
    <Image Include="small.ico">
      <Filter>리소스 파일</Filter>
    </Image>
    <Image Include="SuperMarioMaker.ico">
      <Filter>리소스 파일</Filter>
    </Image>
    <Image Include="Icon.ico">
      <Filter>리소스 파일</Filter>
    </Image>
  </ItemGroup>
  <ItemGroup>
    <None Include="texture.ps">
      <Filter>소스 파일\03.DirectX11Class\04.Shader\00.Texture</Filter>
    </None>
    <None Include="texture.vs">
      <Filter>소스 파일\03.DirectX11Class\04.Shader\00.Texture</Filter>
    </None>
    <None Include="transparent.ps">
      <Filter>소스 파일\03.DirectX11Class\04.Shader\01.Transparent</Filter>
    </None>
    <None Include="transparent.vs">
      <Filter>소스 파일\03.DirectX11Class\04.Shader\01.Transparent</Filter>
    </None>
    <None Include="font.ps">
      <Filter>소스 파일\03.DirectX11Class\04.Shader\02.Font</Filter>
    </None>
    <None Include="font.vs">
      <Filter>소스 파일\03.DirectX11Class\04.Shader\02.Font</Filter>
    </None>
  </ItemGroup>
</Project>